#MicroXplorer Configuration settings - do not modify
Mcu.Family=STM32F7
ProjectManager.MainLocation=Src
RCC.I2SFreq_Value=96000000
ProjectManager.ProjectFileName=stm32spi.ioc
RCC.SAI1Freq_Value=96000000
SPI4.VirtualType=VM_SLAVE
ProjectManager.KeepUserCode=true
Mcu.UserName=STM32F767ZITx
Mcu.PinsNb=5
ProjectManager.NoMain=false
SPI4.DataSize=SPI_DATASIZE_8BIT
RCC.PLLCLKFreq_Value=96000000
RCC.PLLQCLKFreq_Value=96000000
SPI4.Direction=SPI_DIRECTION_2LINES
ProjectManager.functionlistsort=1-MX_GPIO_Init-GPIO-false-HAL-true,2-SystemClock_Config-RCC-false-HAL-false,3-MX_SPI1_Init-SPI1-false-HAL-true,0-MX_CORTEX_M7_Init-CORTEX_M7-false-HAL-true
ProjectManager.DefaultFWLocation=true
RCC.PLLI2SRCLKFreq_Value=96000000
ProjectManager.DeletePrevious=true
PinOutPanel.RotationAngle=0
RCC.FamilyName=M
ProjectManager.StackSize=0x400
Mcu.IP4=SYS
Mcu.IP2=RCC
NVIC.SVCall_IRQn=true\:0\:0\:false\:false\:true\:false\:false
Mcu.IP3=SPI4
Mcu.IP0=CORTEX_M7
Mcu.IP1=NVIC
Mcu.UserConstants=
SPI4.Mode=SPI_MODE_SLAVE
ProjectManager.TargetToolchain=STM32CubeIDE
RCC.LCDTFTFreq_Value=48000000
RCC.SDMMCFreq_Value=16000000
Mcu.ThirdPartyNb=0
PE2.Mode=Full_Duplex_Slave
Mcu.IPNb=5
ProjectManager.PreviousToolchain=STM32CubeIDE
RCC.SPDIFRXFreq_Value=96000000
RCC.SAI2Freq_Value=96000000
ProjectManager.RegisterCallBack=
PE5.Signal=SPI4_MISO
RCC.USBFreq_Value=96000000
SPI4.VirtualNSS=VM_NSSHARD
RCC.VCOSAIOutputFreq_Value=192000000
SPI4.IPParameters=VirtualType,Mode,Direction,DataSize,VirtualNSS
RCC.PLLSAIoutputFreq_Value=96000000
RCC.LSE_VALUE=32768
Mcu.Pin0=PE2
Mcu.Pin1=PE4
GPIO.groupedBy=
Mcu.Pin2=PE5
Mcu.Pin3=PE6
Mcu.Pin4=VP_SYS_VS_Systick
RCC.VCOI2SOutputFreq_Value=192000000
RCC.PLLSAIRCLKFreq_Value=96000000
ProjectManager.ProjectBuild=false
RCC.HSE_VALUE=25000000
NVIC.UsageFault_IRQn=true\:0\:0\:false\:false\:true\:false\:false
NVIC.DebugMonitor_IRQn=true\:0\:0\:false\:false\:true\:false\:false
RCC.PLLSAIPCLKFreq_Value=96000000
board=custom
RCC.VCOOutputFreq_Value=192000000
NVIC.SysTick_IRQn=true\:0\:0\:false\:false\:true\:false\:true
ProjectManager.LastFirmware=true
ProjectManager.FirmwarePackage=STM32Cube FW_F7 V1.16.0
MxDb.Version=DB.6.0.10
PE6.Mode=Full_Duplex_Slave
ProjectManager.BackupPrevious=false
MxCube.Version=6.1.1
RCC.VCOInputFreq_Value=1000000
RCC.PLLI2SPCLKFreq_Value=96000000
RCC.RNGFreq_Value=96000000
PE5.Mode=Full_Duplex_Slave
File.Version=6
VP_SYS_VS_Systick.Mode=SysTick
PE2.Signal=SPI4_SCK
NVIC.NonMaskableInt_IRQn=true\:0\:0\:false\:false\:true\:false\:false
NVIC.PendSV_IRQn=true\:0\:0\:false\:false\:true\:false\:false
PE4.Mode=NSS_Signal_Hard_Input
PE6.Signal=SPI4_MOSI
ProjectManager.FreePins=false
RCC.IPParameters=CECFreq_Value,DFSDMFreq_Value,FamilyName,HSE_VALUE,HSI_VALUE,I2SFreq_Value,LCDTFTFreq_Value,LSE_VALUE,LSI_VALUE,PLLCLKFreq_Value,PLLI2SPCLKFreq_Value,PLLI2SQCLKFreq_Value,PLLI2SRCLKFreq_Value,PLLQCLKFreq_Value,PLLSAIPCLKFreq_Value,PLLSAIQCLKFreq_Value,PLLSAIRCLKFreq_Value,PLLSAIoutputFreq_Value,RNGFreq_Value,SAI1Freq_Value,SAI2Freq_Value,SDMMC2Freq_Value,SDMMCFreq_Value,SPDIFRXFreq_Value,USBFreq_Value,VCOI2SOutputFreq_Value,VCOInputFreq_Value,VCOOutputFreq_Value,VCOSAIOutputFreq_Value
PE4.Signal=SPI4_NSS
ProjectManager.AskForMigrate=true
Mcu.Name=STM32F767ZITx
RCC.PLLI2SQCLKFreq_Value=96000000
ProjectManager.HalAssertFull=false
ProjectManager.ProjectName=stm32spi
ProjectManager.UnderRoot=true
ProjectManager.CoupleFile=false
Mcu.Package=LQFP144
NVIC.ForceEnableDMAVector=true
KeepUserPlacement=false
NVIC.MemoryManagement_IRQn=true\:0\:0\:false\:false\:true\:false\:false
ProjectManager.CompilerOptimize=6
ProjectManager.ToolChainLocation=
RCC.LSI_VALUE=32000
VP_SYS_VS_Systick.Signal=SYS_VS_Systick
ProjectManager.HeapSize=0x200
NVIC.HardFault_IRQn=true\:0\:0\:false\:false\:true\:false\:false
RCC.DFSDMFreq_Value=16000000
ProjectManager.ComputerToolchain=false
RCC.HSI_VALUE=16000000
NVIC.PriorityGroup=NVIC_PRIORITYGROUP_4
RCC.CECFreq_Value=32786.88524590164
NVIC.BusFault_IRQn=true\:0\:0\:false\:false\:true\:false\:false
RCC.SDMMC2Freq_Value=16000000
ProjectManager.CustomerFirmwarePackage=
ProjectManager.DeviceId=STM32F767ZITx
ProjectManager.LibraryCopy=1
RCC.PLLSAIQCLKFreq_Value=96000000
